// !$*UTF8*$!
{
	archiveVersion = 1;
	classes = {
	};
	objectVersion = 50;
	objects = {

/* Begin PBXBuildFile section */
		A61D540326975BDA005FDAFD /* AppDelegate.swift in Sources */ = {isa = PBXBuildFile; fileRef = A61D540226975BDA005FDAFD /* AppDelegate.swift */; };
		A61D540526975BDA005FDAFD /* SceneDelegate.swift in Sources */ = {isa = PBXBuildFile; fileRef = A61D540426975BDA005FDAFD /* SceneDelegate.swift */; };
		A61D540726975BDA005FDAFD /* ViewController.swift in Sources */ = {isa = PBXBuildFile; fileRef = A61D540626975BDA005FDAFD /* ViewController.swift */; };
		A61D540A26975BDA005FDAFD /* Main.storyboard in Resources */ = {isa = PBXBuildFile; fileRef = A61D540826975BDA005FDAFD /* Main.storyboard */; };
		A61D540C26975BDD005FDAFD /* Assets.xcassets in Resources */ = {isa = PBXBuildFile; fileRef = A61D540B26975BDD005FDAFD /* Assets.xcassets */; };
		A61D540F26975BDD005FDAFD /* LaunchScreen.storyboard in Resources */ = {isa = PBXBuildFile; fileRef = A61D540D26975BDD005FDAFD /* LaunchScreen.storyboard */; };
		A61D541726975C09005FDAFD /* LoginVC.swift in Sources */ = {isa = PBXBuildFile; fileRef = A61D541626975C09005FDAFD /* LoginVC.swift */; };
		A61D541926975C39005FDAFD /* Extensions.swift in Sources */ = {isa = PBXBuildFile; fileRef = A61D541826975C39005FDAFD /* Extensions.swift */; };
		A61D541C26975F57005FDAFD /* NotesVC.swift in Sources */ = {isa = PBXBuildFile; fileRef = A61D541B26975F57005FDAFD /* NotesVC.swift */; };
		A61D541E26975FFE005FDAFD /* FileURL.swift in Sources */ = {isa = PBXBuildFile; fileRef = A61D541D26975FFE005FDAFD /* FileURL.swift */; };
		A61D5420269760DA005FDAFD /* NewNotesVC.swift in Sources */ = {isa = PBXBuildFile; fileRef = A61D541F269760DA005FDAFD /* NewNotesVC.swift */; };
/* End PBXBuildFile section */

/* Begin PBXFileReference section */
		A61D53FF26975BDA005FDAFD /* NotesApp.app */ = {isa = PBXFileReference; explicitFileType = wrapper.application; includeInIndex = 0; path = NotesApp.app; sourceTree = BUILT_PRODUCTS_DIR; };
		A61D540226975BDA005FDAFD /* AppDelegate.swift */ = {isa = PBXFileReference; lastKnownFileType = sourcecode.swift; path = AppDelegate.swift; sourceTree = "<group>"; };
		A61D540426975BDA005FDAFD /* SceneDelegate.swift */ = {isa = PBXFileReference; lastKnownFileType = sourcecode.swift; path = SceneDelegate.swift; sourceTree = "<group>"; };
		A61D540626975BDA005FDAFD /* ViewController.swift */ = {isa = PBXFileReference; lastKnownFileType = sourcecode.swift; path = ViewController.swift; sourceTree = "<group>"; };
		A61D540926975BDA005FDAFD /* Base */ = {isa = PBXFileReference; lastKnownFileType = file.storyboard; name = Base; path = Base.lproj/Main.storyboard; sourceTree = "<group>"; };
		A61D540B26975BDD005FDAFD /* Assets.xcassets */ = {isa = PBXFileReference; lastKnownFileType = folder.assetcatalog; path = Assets.xcassets; sourceTree = "<group>"; };
		A61D540E26975BDD005FDAFD /* Base */ = {isa = PBXFileReference; lastKnownFileType = file.storyboard; name = Base; path = Base.lproj/LaunchScreen.storyboard; sourceTree = "<group>"; };
		A61D541026975BDD005FDAFD /* Info.plist */ = {isa = PBXFileReference; lastKnownFileType = text.plist.xml; path = Info.plist; sourceTree = "<group>"; };
		A61D541626975C09005FDAFD /* LoginVC.swift */ = {isa = PBXFileReference; lastKnownFileType = sourcecode.swift; path = LoginVC.swift; sourceTree = "<group>"; };
		A61D541826975C39005FDAFD /* Extensions.swift */ = {isa = PBXFileReference; lastKnownFileType = sourcecode.swift; path = Extensions.swift; sourceTree = "<group>"; };
		A61D541B26975F57005FDAFD /* NotesVC.swift */ = {isa = PBXFileReference; lastKnownFileType = sourcecode.swift; path = NotesVC.swift; sourceTree = "<group>"; };
		A61D541D26975FFE005FDAFD /* FileURL.swift */ = {isa = PBXFileReference; lastKnownFileType = sourcecode.swift; path = FileURL.swift; sourceTree = "<group>"; };
		A61D541F269760DA005FDAFD /* NewNotesVC.swift */ = {isa = PBXFileReference; lastKnownFileType = sourcecode.swift; path = NewNotesVC.swift; sourceTree = "<group>"; };
/* End PBXFileReference section */

/* Begin PBXFrameworksBuildPhase section */
		A61D53FC26975BDA005FDAFD /* Frameworks */ = {
			isa = PBXFrameworksBuildPhase;
			buildActionMask = 2147483647;
			files = (
			);
			runOnlyForDeploymentPostprocessing = 0;
		};
/* End PBXFrameworksBuildPhase section */

/* Begin PBXGroup section */
		A61D53F626975BDA005FDAFD = {
			isa = PBXGroup;
			children = (
				A61D540126975BDA005FDAFD /* NotesApp */,
				A61D540026975BDA005FDAFD /* Products */,
			);
			sourceTree = "<group>";
		};
		A61D540026975BDA005FDAFD /* Products */ = {
			isa = PBXGroup;
			children = (
				A61D53FF26975BDA005FDAFD /* NotesApp.app */,
			);
			name = Products;
			sourceTree = "<group>";
		};
		A61D540126975BDA005FDAFD /* NotesApp */ = {
			isa = PBXGroup;
			children = (
				A61D541A26975C6C005FDAFD /* Extras */,
				A61D540626975BDA005FDAFD /* ViewController.swift */,
				A61D540826975BDA005FDAFD /* Main.storyboard */,
				A61D540B26975BDD005FDAFD /* Assets.xcassets */,
				A61D540D26975BDD005FDAFD /* LaunchScreen.storyboard */,
				A61D541026975BDD005FDAFD /* Info.plist */,
				A61D541D26975FFE005FDAFD /* FileURL.swift */,
				A61D541626975C09005FDAFD /* LoginVC.swift */,
				A61D541B26975F57005FDAFD /* NotesVC.swift */,
				A61D541F269760DA005FDAFD /* NewNotesVC.swift */,
			);
			path = NotesApp;
			sourceTree = "<group>";
		};
		A61D541A26975C6C005FDAFD /* Extras */ = {
			isa = PBXGroup;
			children = (
				A61D540226975BDA005FDAFD /* AppDelegate.swift */,
				A61D540426975BDA005FDAFD /* SceneDelegate.swift */,
				A61D541826975C39005FDAFD /* Extensions.swift */,
			);
			path = Extras;
			sourceTree = "<group>";
		};
/* End PBXGroup section */

/* Begin PBXNativeTarget section */
		A61D53FE26975BDA005FDAFD /* NotesApp */ = {
			isa = PBXNativeTarget;
			buildConfigurationList = A61D541326975BDD005FDAFD /* Build configuration list for PBXNativeTarget "NotesApp" */;
			buildPhases = (
				A61D53FB26975BDA005FDAFD /* Sources */,
				A61D53FC26975BDA005FDAFD /* Frameworks */,
				A61D53FD26975BDA005FDAFD /* Resources */,
			);
			buildRules = (
			);
			dependencies = (
			);
			name = NotesApp;
			productName = NotesApp;
			productReference = A61D53FF26975BDA005FDAFD /* NotesApp.app */;
			productType = "com.apple.product-type.application";
		};
/* End PBXNativeTarget section */

/* Begin PBXProject section */
		A61D53F726975BDA005FDAFD /* Project object */ = {
			isa = PBXProject;
			attributes = {
				LastSwiftUpdateCheck = 1250;
				LastUpgradeCheck = 1250;
				TargetAttributes = {
					A61D53FE26975BDA005FDAFD = {
						CreatedOnToolsVersion = 12.5.1;
					};
				};
			};
			buildConfigurationList = A61D53FA26975BDA005FDAFD /* Build configuration list for PBXProject "NotesApp" */;
			compatibilityVersion = "Xcode 9.3";
			developmentRegion = en;
			hasScannedForEncodings = 0;
			knownRegions = (
				en,
				Base,
			);
			mainGroup = A61D53F626975BDA005FDAFD;
			productRefGroup = A61D540026975BDA005FDAFD /* Products */;
			projectDirPath = "";
			projectRoot = "";
			targets = (
				A61D53FE26975BDA005FDAFD /* NotesApp */,
			);
		};
/* End PBXProject section */

/* Begin PBXResourcesBuildPhase section */
		A61D53FD26975BDA005FDAFD /* Resources */ = {
			isa = PBXResourcesBuildPhase;
			buildActionMask = 2147483647;
			files = (
				A61D540F26975BDD005FDAFD /* LaunchScreen.storyboard in Resources */,
				A61D540C26975BDD005FDAFD /* Assets.xcassets in Resources */,
				A61D540A26975BDA005FDAFD /* Main.storyboard in Resources */,
			);
			runOnlyForDeploymentPostprocessing = 0;
		};
/* End PBXResourcesBuildPhase section */

/* Begin PBXSourcesBuildPhase section */
		A61D53FB26975BDA005FDAFD /* Sources */ = {
			isa = PBXSourcesBuildPhase;
			buildActionMask = 2147483647;
			files = (
				A61D541926975C39005FDAFD /* Extensions.swift in Sources */,
				A61D540726975BDA005FDAFD /* ViewController.swift in Sources */,
				A61D540326975BDA005FDAFD /* AppDelegate.swift in Sources */,
				A61D541726975C09005FDAFD /* LoginVC.swift in Sources */,
				A61D541E26975FFE005FDAFD /* FileURL.swift in Sources */,
				A61D541C26975F57005FDAFD /* NotesVC.swift in Sources */,
				A61D540526975BDA005FDAFD /* SceneDelegate.swift in Sources */,
				A61D5420269760DA005FDAFD /* NewNotesVC.swift in Sources */,
			);
			runOnlyForDeploymentPostprocessing = 0;
		};
/* End PBXSourcesBuildPhase section */

/* Begin PBXVariantGroup section */
		A61D540826975BDA005FDAFD /* Main.storyboard */ = {
			isa = PBXVariantGroup;
			children = (
				A61D540926975BDA005FDAFD /* Base */,
			);
			name = Main.storyboard;
			sourceTree = "<group>";
		};
		A61D540D26975BDD005FDAFD /* LaunchScreen.storyboard */ = {
			isa = PBXVariantGroup;
			children = (
				A61D540E26975BDD005FDAFD /* Base */,
			);
			name = LaunchScreen.storyboard;
			sourceTree = "<group>";
		};
/* End PBXVariantGroup section */

/* Begin XCBuildConfiguration section */
		A61D541126975BDD005FDAFD /* Debug */ = {
			isa = XCBuildConfiguration;
			buildSettings = {
				ALWAYS_SEARCH_USER_PATHS = NO;
				CLANG_ANALYZER_NONNULL = YES;
				CLANG_ANALYZER_NUMBER_OBJECT_CONVERSION = YES_AGGRESSIVE;
				CLANG_CXX_LANGUAGE_STANDARD = "gnu++14";
				CLANG_CXX_LIBRARY = "libc++";
				CLANG_ENABLE_MODULES = YES;
				CLANG_ENABLE_OBJC_ARC = YES;
				CLANG_ENABLE_OBJC_WEAK = YES;
				CLANG_WARN_BLOCK_CAPTURE_AUTORELEASING = YES;
				CLANG_WARN_BOOL_CONVERSION = YES;
				CLANG_WARN_COMMA = YES;
				CLANG_WARN_CONSTANT_CONVERSION = YES;
				CLANG_WARN_DEPRECATED_OBJC_IMPLEMENTATIONS = YES;
				CLANG_WARN_DIRECT_OBJC_ISA_USAGE = YES_ERROR;
				CLANG_WARN_DOCUMENTATION_COMMENTS = YES;
				CLANG_WARN_EMPTY_BODY = YES;
				CLANG_WARN_ENUM_CONVERSION = YES;
				CLANG_WARN_INFINITE_RECURSION = YES;
				CLANG_WARN_INT_CONVERSION = YES;
				CLANG_WARN_NON_LITERAL_NULL_CONVERSION = YES;
				CLANG_WARN_OBJC_IMPLICIT_RETAIN_SELF = YES;
				CLANG_WARN_OBJC_LITERAL_CONVERSION = YES;
				CLANG_WARN_OBJC_ROOT_CLASS = YES_ERROR;
				CLANG_WARN_QUOTED_INCLUDE_IN_FRAMEWORK_HEADER = YES;
				CLANG_WARN_RANGE_LOOP_ANALYSIS = YES;
				CLANG_WARN_STRICT_PROTOTYPES = YES;
				CLANG_WARN_SUSPICIOUS_MOVE = YES;
				CLANG_WARN_UNGUARDED_AVAILABILITY = YES_AGGRESSIVE;
				CLANG_WARN_UNREACHABLE_CODE = YES;
				CLANG_WARN__DUPLICATE_METHOD_MATCH = YES;
				COPY_PHASE_STRIP = NO;
				DEBUG_INFORMATION_FORMAT = dwarf;
				ENABLE_STRICT_OBJC_MSGSEND = YES;
				ENABLE_TESTABILITY = YES;
				GCC_C_LANGUAGE_STANDARD = gnu11;
				GCC_DYNAMIC_NO_PIC = NO;
				GCC_NO_COMMON_BLOCKS = YES;
				GCC_OPTIMIZATION_LEVEL = 0;
				GCC_PREPROCESSOR_DEFINITIONS = (
					"DEBUG=1",
					"$(inherited)",
				);
				GCC_WARN_64_TO_32_BIT_CONVERSION = YES;
				GCC_WARN_ABOUT_RETURN_TYPE = YES_ERROR;
				GCC_WARN_UNDECLARED_SELECTOR = YES;
				GCC_WARN_UNINITIALIZED_AUTOS = YES_AGGRESSIVE;
				GCC_WARN_UNUSED_FUNCTION = YES;
				GCC_WARN_UNUSED_VARIABLE = YES;
				IPHONEOS_DEPLOYMENT_TARGET = 14.5;
				MTL_ENABLE_DEBUG_INFO = INCLUDE_SOURCE;
				MTL_FAST_MATH = YES;
				ONLY_ACTIVE_ARCH = YES;
				SDKROOT = iphoneos;
				SWIFT_ACTIVE_COMPILATION_CONDITIONS = DEBUG;
				SWIFT_OPTIMIZATION_LEVEL = "-Onone";
			};
			name = Debug;
		};
		A61D541226975BDD005FDAFD /* Release */ = {
			isa = XCBuildConfiguration;
			buildSettings = {
				ALWAYS_SEARCH_USER_PATHS = NO;
				CLANG_ANALYZER_NONNULL = YES;
				CLANG_ANALYZER_NUMBER_OBJECT_CONVERSION = YES_AGGRESSIVE;
				CLANG_CXX_LANGUAGE_STANDARD = "gnu++14";
				CLANG_CXX_LIBRARY = "libc++";
				CLANG_ENABLE_MODULES = YES;
				CLANG_ENABLE_OBJC_ARC = YES;
				CLANG_ENABLE_OBJC_WEAK = YES;
				CLANG_WARN_BLOCK_CAPTURE_AUTORELEASING = YES;
				CLANG_WARN_BOOL_CONVERSION = YES;
				CLANG_WARN_COMMA = YES;
				CLANG_WARN_CONSTANT_CONVERSION = YES;
				CLANG_WARN_DEPRECATED_OBJC_IMPLEMENTATIONS = YES;
				CLANG_WARN_DIRECT_OBJC_ISA_USAGE = YES_ERROR;
				CLANG_WARN_DOCUMENTATION_COMMENTS = YES;
				CLANG_WARN_EMPTY_BODY = YES;
				CLANG_WARN_ENUM_CONVERSION = YES;
				CLANG_WARN_INFINITE_RECURSION = YES;
				CLANG_WARN_INT_CONVERSION = YES;
				CLANG_WARN_NON_LITERAL_NULL_CONVERSION = YES;
				CLANG_WARN_OBJC_IMPLICIT_RETAIN_SELF = YES;
				CLANG_WARN_OBJC_LITERAL_CONVERSION = YES;
				CLANG_WARN_OBJC_ROOT_CLASS = YES_ERROR;
				CLANG_WARN_QUOTED_INCLUDE_IN_FRAMEWORK_HEADER = YES;
				CLANG_WARN_RANGE_LOOP_ANALYSIS = YES;
				CLANG_WARN_STRICT_PROTOTYPES = YES;
				CLANG_WARN_SUSPICIOUS_MOVE = YES;
				CLANG_WARN_UNGUARDED_AVAILABILITY = YES_AGGRESSIVE;
				CLANG_WARN_UNREACHABLE_CODE = YES;
				CLANG_WARN__DUPLICATE_METHOD_MATCH = YES;
				COPY_PHASE_STRIP = NO;
				DEBUG_INFORMATION_FORMAT = "dwarf-with-dsym";
				ENABLE_NS_ASSERTIONS = NO;
				ENABLE_STRICT_OBJC_MSGSEND = YES;
				GCC_C_LANGUAGE_STANDARD = gnu11;
				GCC_NO_COMMON_BLOCKS = YES;
				GCC_WARN_64_TO_32_BIT_CONVERSION = YES;
				GCC_WARN_ABOUT_RETURN_TYPE = YES_ERROR;
				GCC_WARN_UNDECLARED_SELECTOR = YES;
				GCC_WARN_UNINITIALIZED_AUTOS = YES_AGGRESSIVE;
				GCC_WARN_UNUSED_FUNCTION = YES;
				GCC_WARN_UNUSED_VARIABLE = YES;
				IPHONEOS_DEPLOYMENT_TARGET = 14.5;
				MTL_ENABLE_DEBUG_INFO = NO;
				MTL_FAST_MATH = YES;
				SDKROOT = iphoneos;
				SWIFT_COMPILATION_MODE = wholemodule;
				SWIFT_OPTIMIZATION_LEVEL = "-O";
				VALIDATE_PRODUCT = YES;
			};
			name = Release;
		};
		A61D541426975BDD005FDAFD /* Debug */ = {
			isa = XCBuildConfiguration;
			buildSettings = {
				ASSETCATALOG_COMPILER_APPICON_NAME = AppIcon;
				ASSETCATALOG_COMPILER_GLOBAL_ACCENT_COLOR_NAME = AccentColor;
				CODE_SIGN_STYLE = Automatic;
				INFOPLIST_FILE = NotesApp/Info.plist;
				LD_RUNPATH_SEARCH_PATHS = (
					"$(inherited)",
					"@executable_path/Frameworks",
				);
				PRODUCT_BUNDLE_IDENTIFIER = aamirsohel.NotesApp;
				PRODUCT_NAME = "$(TARGET_NAME)";
				SWIFT_VERSION = 5.0;
				TARGETED_DEVICE_FAMILY = "1,2";
			};
			name = Debug;
		};
		A61D541526975BDD005FDAFD /* Release */ = {
			isa = XCBuildConfiguration;
			buildSettings = {
				ASSETCATALOG_COMPILER_APPICON_NAME = AppIcon;
				ASSETCATALOG_COMPILER_GLOBAL_ACCENT_COLOR_NAME = AccentColor;
				CODE_SIGN_STYLE = Automatic;
				INFOPLIST_FILE = NotesApp/Info.plist;
				LD_RUNPATH_SEARCH_PATHS = (
					"$(inherited)",
					"@executable_path/Frameworks",
				);
				PRODUCT_BUNDLE_IDENTIFIER = aamirsohel.NotesApp;
				PRODUCT_NAME = "$(TARGET_NAME)";
				SWIFT_VERSION = 5.0;
				TARGETED_DEVICE_FAMILY = "1,2";
			};
			name = Release;
		};
/* End XCBuildConfiguration section */

/* Begin XCConfigurationList section */
		A61D53FA26975BDA005FDAFD /* Build configuration list for PBXProject "NotesApp" */ = {
			isa = XCConfigurationList;
			buildConfigurations = (
				A61D541126975BDD005FDAFD /* Debug */,
				A61D541226975BDD005FDAFD /* Release */,
			);
			defaultConfigurationIsVisible = 0;
			defaultConfigurationName = Release;
		};
		A61D541326975BDD005FDAFD /* Build configuration list for PBXNativeTarget "NotesApp" */ = {
			isa = XCConfigurationList;
			buildConfigurations = (
				A61D541426975BDD005FDAFD /* Debug */,
				A61D541526975BDD005FDAFD /* Release */,
			);
			defaultConfigurationIsVisible = 0;
			defaultConfigurationName = Release;
		};
/* End XCConfigurationList section */
	};
	rootObject = A61D53F726975BDA005FDAFD /* Project object */;
}
